
Microsoft Visual Studio Solution File, Format Version 12.00
# Visual Studio Version 17
VisualStudioVersion = 17.0.31903.59
MinimumVisualStudioVersion = 10.0.40219.1
Project("{9A19103F-16F7-4668-BE54-9A1E7A4F7556}") = "Training.Domain", "src\Training.Domain\Training.Domain.csproj", "{A57DA5D7-7C2D-47EA-85C2-DF4E2C6075A1}"
EndProject
Project("{9A19103F-16F7-4668-BE54-9A1E7A4F7556}") = "Training.Application", "src\Training.Application\Training.Application.csproj", "{7B28B48D-4765-4BB8-A869-45DD60F58BAE}"
EndProject
Project("{9A19103F-16F7-4668-BE54-9A1E7A4F7556}") = "Training.Infrastructure", "src\Training.Infrastructure\Training.Infrastructure.csproj", "{82667910-238C-4524-9CF3-BB9E1BEE93AF}"
EndProject
Project("{9A19103F-16F7-4668-BE54-9A1E7A4F7556}") = "Training.Console", "src\Training.Console\Training.Console.csproj", "{C1B7CD5C-774D-4450-A4DD-C3068157D932}"
EndProject
Project("{2150E333-8FDC-42A3-9474-1A3956D46DE8}") = "src", "src", "{827E0CD3-B72D-47B6-A68D-7590B98EB39B}"
EndProject
Project("{FAE04EC0-301F-11D3-BF4B-00C04F79EFBC}") = "Training.Api", "src\Training.Api\Training.Api.csproj", "{24730E1F-6DAB-4C3C-B227-91C15B901A47}"
EndProject
Project("{FAE04EC0-301F-11D3-BF4B-00C04F79EFBC}") = "Training.Strava", "src\Training.Strava\Training.Strava.csproj", "{209090EE-5E46-4600-811F-B1F968C6863F}"
EndProject
Global
	GlobalSection(SolutionConfigurationPlatforms) = preSolution
		Debug|Any CPU = Debug|Any CPU
		Debug|x64 = Debug|x64
		Debug|x86 = Debug|x86
		Release|Any CPU = Release|Any CPU
		Release|x64 = Release|x64
		Release|x86 = Release|x86
	EndGlobalSection
	GlobalSection(ProjectConfigurationPlatforms) = postSolution
		{A57DA5D7-7C2D-47EA-85C2-DF4E2C6075A1}.Debug|Any CPU.ActiveCfg = Debug|Any CPU
		{A57DA5D7-7C2D-47EA-85C2-DF4E2C6075A1}.Debug|Any CPU.Build.0 = Debug|Any CPU
		{A57DA5D7-7C2D-47EA-85C2-DF4E2C6075A1}.Debug|x64.ActiveCfg = Debug|Any CPU
		{A57DA5D7-7C2D-47EA-85C2-DF4E2C6075A1}.Debug|x64.Build.0 = Debug|Any CPU
		{A57DA5D7-7C2D-47EA-85C2-DF4E2C6075A1}.Debug|x86.ActiveCfg = Debug|Any CPU
		{A57DA5D7-7C2D-47EA-85C2-DF4E2C6075A1}.Debug|x86.Build.0 = Debug|Any CPU
		{A57DA5D7-7C2D-47EA-85C2-DF4E2C6075A1}.Release|Any CPU.ActiveCfg = Release|Any CPU
		{A57DA5D7-7C2D-47EA-85C2-DF4E2C6075A1}.Release|Any CPU.Build.0 = Release|Any CPU
		{A57DA5D7-7C2D-47EA-85C2-DF4E2C6075A1}.Release|x64.ActiveCfg = Release|Any CPU
		{A57DA5D7-7C2D-47EA-85C2-DF4E2C6075A1}.Release|x64.Build.0 = Release|Any CPU
		{A57DA5D7-7C2D-47EA-85C2-DF4E2C6075A1}.Release|x86.ActiveCfg = Release|Any CPU
		{A57DA5D7-7C2D-47EA-85C2-DF4E2C6075A1}.Release|x86.Build.0 = Release|Any CPU
		{7B28B48D-4765-4BB8-A869-45DD60F58BAE}.Debug|Any CPU.ActiveCfg = Debug|Any CPU
		{7B28B48D-4765-4BB8-A869-45DD60F58BAE}.Debug|Any CPU.Build.0 = Debug|Any CPU
		{7B28B48D-4765-4BB8-A869-45DD60F58BAE}.Debug|x64.ActiveCfg = Debug|Any CPU
		{7B28B48D-4765-4BB8-A869-45DD60F58BAE}.Debug|x64.Build.0 = Debug|Any CPU
		{7B28B48D-4765-4BB8-A869-45DD60F58BAE}.Debug|x86.ActiveCfg = Debug|Any CPU
		{7B28B48D-4765-4BB8-A869-45DD60F58BAE}.Debug|x86.Build.0 = Debug|Any CPU
		{7B28B48D-4765-4BB8-A869-45DD60F58BAE}.Release|Any CPU.ActiveCfg = Release|Any CPU
		{7B28B48D-4765-4BB8-A869-45DD60F58BAE}.Release|Any CPU.Build.0 = Release|Any CPU
		{7B28B48D-4765-4BB8-A869-45DD60F58BAE}.Release|x64.ActiveCfg = Release|Any CPU
		{7B28B48D-4765-4BB8-A869-45DD60F58BAE}.Release|x64.Build.0 = Release|Any CPU
		{7B28B48D-4765-4BB8-A869-45DD60F58BAE}.Release|x86.ActiveCfg = Release|Any CPU
		{7B28B48D-4765-4BB8-A869-45DD60F58BAE}.Release|x86.Build.0 = Release|Any CPU
		{82667910-238C-4524-9CF3-BB9E1BEE93AF}.Debug|Any CPU.ActiveCfg = Debug|Any CPU
		{82667910-238C-4524-9CF3-BB9E1BEE93AF}.Debug|Any CPU.Build.0 = Debug|Any CPU
		{82667910-238C-4524-9CF3-BB9E1BEE93AF}.Debug|x64.ActiveCfg = Debug|Any CPU
		{82667910-238C-4524-9CF3-BB9E1BEE93AF}.Debug|x64.Build.0 = Debug|Any CPU
		{82667910-238C-4524-9CF3-BB9E1BEE93AF}.Debug|x86.ActiveCfg = Debug|Any CPU
		{82667910-238C-4524-9CF3-BB9E1BEE93AF}.Debug|x86.Build.0 = Debug|Any CPU
		{82667910-238C-4524-9CF3-BB9E1BEE93AF}.Release|Any CPU.ActiveCfg = Release|Any CPU
		{82667910-238C-4524-9CF3-BB9E1BEE93AF}.Release|Any CPU.Build.0 = Release|Any CPU
		{82667910-238C-4524-9CF3-BB9E1BEE93AF}.Release|x64.ActiveCfg = Release|Any CPU
		{82667910-238C-4524-9CF3-BB9E1BEE93AF}.Release|x64.Build.0 = Release|Any CPU
		{82667910-238C-4524-9CF3-BB9E1BEE93AF}.Release|x86.ActiveCfg = Release|Any CPU
		{82667910-238C-4524-9CF3-BB9E1BEE93AF}.Release|x86.Build.0 = Release|Any CPU
		{C1B7CD5C-774D-4450-A4DD-C3068157D932}.Debug|Any CPU.ActiveCfg = Debug|Any CPU
		{C1B7CD5C-774D-4450-A4DD-C3068157D932}.Debug|Any CPU.Build.0 = Debug|Any CPU
		{C1B7CD5C-774D-4450-A4DD-C3068157D932}.Debug|x64.ActiveCfg = Debug|Any CPU
		{C1B7CD5C-774D-4450-A4DD-C3068157D932}.Debug|x64.Build.0 = Debug|Any CPU
		{C1B7CD5C-774D-4450-A4DD-C3068157D932}.Debug|x86.ActiveCfg = Debug|Any CPU
		{C1B7CD5C-774D-4450-A4DD-C3068157D932}.Debug|x86.Build.0 = Debug|Any CPU
		{C1B7CD5C-774D-4450-A4DD-C3068157D932}.Release|Any CPU.ActiveCfg = Release|Any CPU
		{C1B7CD5C-774D-4450-A4DD-C3068157D932}.Release|Any CPU.Build.0 = Release|Any CPU
		{C1B7CD5C-774D-4450-A4DD-C3068157D932}.Release|x64.ActiveCfg = Release|Any CPU
		{C1B7CD5C-774D-4450-A4DD-C3068157D932}.Release|x64.Build.0 = Release|Any CPU
		{C1B7CD5C-774D-4450-A4DD-C3068157D932}.Release|x86.ActiveCfg = Release|Any CPU
		{C1B7CD5C-774D-4450-A4DD-C3068157D932}.Release|x86.Build.0 = Release|Any CPU
		{24730E1F-6DAB-4C3C-B227-91C15B901A47}.Debug|Any CPU.ActiveCfg = Debug|Any CPU
		{24730E1F-6DAB-4C3C-B227-91C15B901A47}.Debug|Any CPU.Build.0 = Debug|Any CPU
		{24730E1F-6DAB-4C3C-B227-91C15B901A47}.Debug|x64.ActiveCfg = Debug|Any CPU
		{24730E1F-6DAB-4C3C-B227-91C15B901A47}.Debug|x64.Build.0 = Debug|Any CPU
		{24730E1F-6DAB-4C3C-B227-91C15B901A47}.Debug|x86.ActiveCfg = Debug|Any CPU
		{24730E1F-6DAB-4C3C-B227-91C15B901A47}.Debug|x86.Build.0 = Debug|Any CPU
		{24730E1F-6DAB-4C3C-B227-91C15B901A47}.Release|Any CPU.ActiveCfg = Release|Any CPU
		{24730E1F-6DAB-4C3C-B227-91C15B901A47}.Release|Any CPU.Build.0 = Release|Any CPU
		{24730E1F-6DAB-4C3C-B227-91C15B901A47}.Release|x64.ActiveCfg = Release|Any CPU
		{24730E1F-6DAB-4C3C-B227-91C15B901A47}.Release|x64.Build.0 = Release|Any CPU
		{24730E1F-6DAB-4C3C-B227-91C15B901A47}.Release|x86.ActiveCfg = Release|Any CPU
		{24730E1F-6DAB-4C3C-B227-91C15B901A47}.Release|x86.Build.0 = Release|Any CPU
		{209090EE-5E46-4600-811F-B1F968C6863F}.Debug|Any CPU.ActiveCfg = Debug|Any CPU
		{209090EE-5E46-4600-811F-B1F968C6863F}.Debug|Any CPU.Build.0 = Debug|Any CPU
		{209090EE-5E46-4600-811F-B1F968C6863F}.Debug|x64.ActiveCfg = Debug|Any CPU
		{209090EE-5E46-4600-811F-B1F968C6863F}.Debug|x64.Build.0 = Debug|Any CPU
		{209090EE-5E46-4600-811F-B1F968C6863F}.Debug|x86.ActiveCfg = Debug|Any CPU
		{209090EE-5E46-4600-811F-B1F968C6863F}.Debug|x86.Build.0 = Debug|Any CPU
		{209090EE-5E46-4600-811F-B1F968C6863F}.Release|Any CPU.ActiveCfg = Release|Any CPU
		{209090EE-5E46-4600-811F-B1F968C6863F}.Release|Any CPU.Build.0 = Release|Any CPU
		{209090EE-5E46-4600-811F-B1F968C6863F}.Release|x64.ActiveCfg = Release|Any CPU
		{209090EE-5E46-4600-811F-B1F968C6863F}.Release|x64.Build.0 = Release|Any CPU
		{209090EE-5E46-4600-811F-B1F968C6863F}.Release|x86.ActiveCfg = Release|Any CPU
		{209090EE-5E46-4600-811F-B1F968C6863F}.Release|x86.Build.0 = Release|Any CPU
	EndGlobalSection
	GlobalSection(SolutionProperties) = preSolution
		HideSolutionNode = FALSE
	EndGlobalSection
	GlobalSection(NestedProjects) = preSolution
		{24730E1F-6DAB-4C3C-B227-91C15B901A47} = {827E0CD3-B72D-47B6-A68D-7590B98EB39B}
		{209090EE-5E46-4600-811F-B1F968C6863F} = {827E0CD3-B72D-47B6-A68D-7590B98EB39B}
	EndGlobalSection
EndGlobal
